
Microsoft Visual Studio Solution File, Format Version 12.00
# Visual Studio Version 17
VisualStudioVersion = 17.7.34221.43
MinimumVisualStudioVersion = 10.0.40219.1
Project("{FAE04EC0-301F-11D3-BF4B-00C04F79EFBC}") = "MovieTaskAspNet", "MovieTaskAspNet\MovieTaskAspNet.csproj", "{C59F9AB0-18E1-46D9-BF93-61D660C5326F}"
EndProject
Global
	GlobalSection(SolutionConfigurationPlatforms) = preSolution
		Debug|Any CPU = Debug|Any CPU
		Release|Any CPU = Release|Any CPU
	EndGlobalSection
	GlobalSection(ProjectConfigurationPlatforms) = postSolution
		{C59F9AB0-18E1-46D9-BF93-61D660C5326F}.Debug|Any CPU.ActiveCfg = Debug|Any CPU
		{C59F9AB0-18E1-46D9-BF93-61D660C5326F}.Debug|Any CPU.Build.0 = Debug|Any CPU
		{C59F9AB0-18E1-46D9-BF93-61D660C5326F}.Release|Any CPU.ActiveCfg = Release|Any CPU
		{C59F9AB0-18E1-46D9-BF93-61D660C5326F}.Release|Any CPU.Build.0 = Release|Any CPU
	EndGlobalSection
	GlobalSection(SolutionProperties) = preSolution
		HideSolutionNode = FALSE
	EndGlobalSection
	GlobalSection(ExtensibilityGlobals) = postSolution
		SolutionGuid = {AAB1A8C2-1D48-4F70-A200-BF32EB5C5BE4}
	EndGlobalSection
EndGlobal
